
Microsoft Visual Studio Solution File, Format Version 12.00
# Visual Studio 15
VisualStudioVersion = 15.0.28010.2026
MinimumVisualStudioVersion = 10.0.40219.1
Project("{FAE04EC0-301F-11D3-BF4B-00C04F79EFBC}") = "BackEndBookShop", "BackEndBookShop\BackEndBookShop.csproj", "{482B85B4-74C6-497B-ADE5-64CBE44CBE42}"
EndProject
Global
	GlobalSection(SolutionConfigurationPlatforms) = preSolution
		Debug|Any CPU = Debug|Any CPU
		Release|Any CPU = Release|Any CPU
	EndGlobalSection
	GlobalSection(ProjectConfigurationPlatforms) = postSolution
		{482B85B4-74C6-497B-ADE5-64CBE44CBE42}.Debug|Any CPU.ActiveCfg = Debug|Any CPU
		{482B85B4-74C6-497B-ADE5-64CBE44CBE42}.Debug|Any CPU.Build.0 = Debug|Any CPU
		{482B85B4-74C6-497B-ADE5-64CBE44CBE42}.Release|Any CPU.ActiveCfg = Release|Any CPU
		{482B85B4-74C6-497B-ADE5-64CBE44CBE42}.Release|Any CPU.Build.0 = Release|Any CPU
	EndGlobalSection
	GlobalSection(SolutionProperties) = preSolution
		HideSolutionNode = FALSE
	EndGlobalSection
	GlobalSection(ExtensibilityGlobals) = postSolution
		SolutionGuid = {359535AD-D7F9-4573-ACF5-DC32B7656ED4}
	EndGlobalSection
EndGlobal
